
Microsoft Visual Studio Solution File, Format Version 12.00
# Visual Studio Version 17
VisualStudioVersion = 17.6.33723.286
MinimumVisualStudioVersion = 10.0.40219.1
Project("{9A19103F-16F7-4668-BE54-9A1E7A4F7556}") = "textBox", "textBox\textBox.csproj", "{4FBBD882-FCD0-4FEB-9D54-1D41069B137B}"
EndProject
Project("{2150E333-8FDC-42A3-9474-1A3956D46DE8}") = "WPF", "WPF", "{FF401C5B-9D63-4D2A-8558-6C1960FDA609}"
EndProject
Project("{2150E333-8FDC-42A3-9474-1A3956D46DE8}") = "1200", "1200", "{7C72A921-2BAF-450E-A1A8-5853F6DC0FF6}"
EndProject
Project("{9A19103F-16F7-4668-BE54-9A1E7A4F7556}") = "byte", "byte\byte.csproj", "{61F7FE88-574A-45A1-B1B8-7CB96A531706}"
EndProject
Project("{9A19103F-16F7-4668-BE54-9A1E7A4F7556}") = "bianryTree", "bianryTree\bianryTree.csproj", "{C661F04E-5F23-45D9-A71A-FF98803C1452}"
EndProject
Project("{9A19103F-16F7-4668-BE54-9A1E7A4F7556}") = "LINQ", "LINQ\LINQ.csproj", "{3A579194-FB7A-430D-8FA1-1C0A6F2ADF78}"
EndProject
Project("{9A19103F-16F7-4668-BE54-9A1E7A4F7556}") = "conditional compilation", "conditional compilation\conditional compilation.csproj", "{82875586-E200-4997-BAFA-24D8FE6CA8A1}"
EndProject
Project("{9A19103F-16F7-4668-BE54-9A1E7A4F7556}") = "EX_02", "EX_02\EX_02.csproj", "{FC49F066-B0F0-4580-A69C-1770B80F996A}"
EndProject
Project("{9A19103F-16F7-4668-BE54-9A1E7A4F7556}") = "fun", "fun\fun.csproj", "{19CE0AB7-6EA4-4177-9519-6AC1940E1014}"
EndProject
Project("{2150E333-8FDC-42A3-9474-1A3956D46DE8}") = "keyWords", "keyWords", "{A10B034A-415E-4721-826B-BC5352B8AD6F}"
EndProject
Project("{9A19103F-16F7-4668-BE54-9A1E7A4F7556}") = "keyWords", "keyWords\keyWords.csproj", "{22C5FD90-E66D-418F-8645-E4517E0F4146}"
EndProject
Project("{2150E333-8FDC-42A3-9474-1A3956D46DE8}") = "leetCode", "leetCode", "{04F6B99A-74F5-4ED1-BC8E-652F9A5FFB54}"
EndProject
Project("{9A19103F-16F7-4668-BE54-9A1E7A4F7556}") = "leedCode", "leedCode\leedCode.csproj", "{9ED5D68C-CD3E-4BA8-B07A-F2E9D2CC34CF}"
EndProject
Project("{2150E333-8FDC-42A3-9474-1A3956D46DE8}") = "1200Other", "1200Other", "{26CC015A-1959-4718-B3E0-7261551E55A4}"
	ProjectSection(SolutionItems) = preProject
		EX_02\leapYear.xaml = EX_02\leapYear.xaml
		EX_02\leapYear.xaml.cs = EX_02\leapYear.xaml.cs
	EndProjectSection
EndProject
Global
	GlobalSection(SolutionConfigurationPlatforms) = preSolution
		Debug|Any CPU = Debug|Any CPU
		Release|Any CPU = Release|Any CPU
	EndGlobalSection
	GlobalSection(ProjectConfigurationPlatforms) = postSolution
		{4FBBD882-FCD0-4FEB-9D54-1D41069B137B}.Debug|Any CPU.ActiveCfg = Debug|Any CPU
		{4FBBD882-FCD0-4FEB-9D54-1D41069B137B}.Debug|Any CPU.Build.0 = Debug|Any CPU
		{4FBBD882-FCD0-4FEB-9D54-1D41069B137B}.Release|Any CPU.ActiveCfg = Release|Any CPU
		{4FBBD882-FCD0-4FEB-9D54-1D41069B137B}.Release|Any CPU.Build.0 = Release|Any CPU
		{61F7FE88-574A-45A1-B1B8-7CB96A531706}.Debug|Any CPU.ActiveCfg = Debug|Any CPU
		{61F7FE88-574A-45A1-B1B8-7CB96A531706}.Debug|Any CPU.Build.0 = Debug|Any CPU
		{61F7FE88-574A-45A1-B1B8-7CB96A531706}.Release|Any CPU.ActiveCfg = Release|Any CPU
		{61F7FE88-574A-45A1-B1B8-7CB96A531706}.Release|Any CPU.Build.0 = Release|Any CPU
		{C661F04E-5F23-45D9-A71A-FF98803C1452}.Debug|Any CPU.ActiveCfg = Debug|Any CPU
		{C661F04E-5F23-45D9-A71A-FF98803C1452}.Debug|Any CPU.Build.0 = Debug|Any CPU
		{C661F04E-5F23-45D9-A71A-FF98803C1452}.Release|Any CPU.ActiveCfg = Release|Any CPU
		{C661F04E-5F23-45D9-A71A-FF98803C1452}.Release|Any CPU.Build.0 = Release|Any CPU
		{3A579194-FB7A-430D-8FA1-1C0A6F2ADF78}.Debug|Any CPU.ActiveCfg = Debug|Any CPU
		{3A579194-FB7A-430D-8FA1-1C0A6F2ADF78}.Debug|Any CPU.Build.0 = Debug|Any CPU
		{3A579194-FB7A-430D-8FA1-1C0A6F2ADF78}.Release|Any CPU.ActiveCfg = Release|Any CPU
		{3A579194-FB7A-430D-8FA1-1C0A6F2ADF78}.Release|Any CPU.Build.0 = Release|Any CPU
		{82875586-E200-4997-BAFA-24D8FE6CA8A1}.Debug|Any CPU.ActiveCfg = Debug|Any CPU
		{82875586-E200-4997-BAFA-24D8FE6CA8A1}.Debug|Any CPU.Build.0 = Debug|Any CPU
		{82875586-E200-4997-BAFA-24D8FE6CA8A1}.Release|Any CPU.ActiveCfg = Release|Any CPU
		{82875586-E200-4997-BAFA-24D8FE6CA8A1}.Release|Any CPU.Build.0 = Release|Any CPU
		{FC49F066-B0F0-4580-A69C-1770B80F996A}.Debug|Any CPU.ActiveCfg = Debug|Any CPU
		{FC49F066-B0F0-4580-A69C-1770B80F996A}.Debug|Any CPU.Build.0 = Debug|Any CPU
		{FC49F066-B0F0-4580-A69C-1770B80F996A}.Release|Any CPU.ActiveCfg = Release|Any CPU
		{FC49F066-B0F0-4580-A69C-1770B80F996A}.Release|Any CPU.Build.0 = Release|Any CPU
		{19CE0AB7-6EA4-4177-9519-6AC1940E1014}.Debug|Any CPU.ActiveCfg = Debug|Any CPU
		{19CE0AB7-6EA4-4177-9519-6AC1940E1014}.Debug|Any CPU.Build.0 = Debug|Any CPU
		{19CE0AB7-6EA4-4177-9519-6AC1940E1014}.Release|Any CPU.ActiveCfg = Release|Any CPU
		{19CE0AB7-6EA4-4177-9519-6AC1940E1014}.Release|Any CPU.Build.0 = Release|Any CPU
		{22C5FD90-E66D-418F-8645-E4517E0F4146}.Debug|Any CPU.ActiveCfg = Debug|Any CPU
		{22C5FD90-E66D-418F-8645-E4517E0F4146}.Debug|Any CPU.Build.0 = Debug|Any CPU
		{22C5FD90-E66D-418F-8645-E4517E0F4146}.Release|Any CPU.ActiveCfg = Release|Any CPU
		{22C5FD90-E66D-418F-8645-E4517E0F4146}.Release|Any CPU.Build.0 = Release|Any CPU
		{9ED5D68C-CD3E-4BA8-B07A-F2E9D2CC34CF}.Debug|Any CPU.ActiveCfg = Debug|Any CPU
		{9ED5D68C-CD3E-4BA8-B07A-F2E9D2CC34CF}.Debug|Any CPU.Build.0 = Debug|Any CPU
		{9ED5D68C-CD3E-4BA8-B07A-F2E9D2CC34CF}.Release|Any CPU.ActiveCfg = Release|Any CPU
		{9ED5D68C-CD3E-4BA8-B07A-F2E9D2CC34CF}.Release|Any CPU.Build.0 = Release|Any CPU
	EndGlobalSection
	GlobalSection(SolutionProperties) = preSolution
		HideSolutionNode = FALSE
	EndGlobalSection
	GlobalSection(NestedProjects) = preSolution
		{4FBBD882-FCD0-4FEB-9D54-1D41069B137B} = {FF401C5B-9D63-4D2A-8558-6C1960FDA609}
		{FC49F066-B0F0-4580-A69C-1770B80F996A} = {7C72A921-2BAF-450E-A1A8-5853F6DC0FF6}
		{22C5FD90-E66D-418F-8645-E4517E0F4146} = {A10B034A-415E-4721-826B-BC5352B8AD6F}
		{9ED5D68C-CD3E-4BA8-B07A-F2E9D2CC34CF} = {04F6B99A-74F5-4ED1-BC8E-652F9A5FFB54}
		{26CC015A-1959-4718-B3E0-7261551E55A4} = {7C72A921-2BAF-450E-A1A8-5853F6DC0FF6}
	EndGlobalSection
	GlobalSection(ExtensibilityGlobals) = postSolution
		SolutionGuid = {C701269D-D330-4B48-93E1-F4EA929C8A36}
	EndGlobalSection
EndGlobal
