
Microsoft Visual Studio Solution File, Format Version 12.00
# Visual Studio Version 17
VisualStudioVersion = 17.6.33723.286
MinimumVisualStudioVersion = 10.0.40219.1
Project("{9A19103F-16F7-4668-BE54-9A1E7A4F7556}") = "textBox", "textBox\textBox.csproj", "{4FBBD882-FCD0-4FEB-9D54-1D41069B137B}"
EndProject
Project("{2150E333-8FDC-42A3-9474-1A3956D46DE8}") = "WPF", "WPF", "{FF401C5B-9D63-4D2A-8558-6C1960FDA609}"
EndProject
Project("{2150E333-8FDC-42A3-9474-1A3956D46DE8}") = "1200", "1200", "{7C72A921-2BAF-450E-A1A8-5853F6DC0FF6}"
EndProject
Project("{9A19103F-16F7-4668-BE54-9A1E7A4F7556}") = "byte", "byte\byte.csproj", "{61F7FE88-574A-45A1-B1B8-7CB96A531706}"
EndProject
Project("{9A19103F-16F7-4668-BE54-9A1E7A4F7556}") = "bianryTree", "bianryTree\bianryTree.csproj", "{C661F04E-5F23-45D9-A71A-FF98803C1452}"
EndProject
Project("{9A19103F-16F7-4668-BE54-9A1E7A4F7556}") = "LINQ", "LINQ\LINQ.csproj", "{3A579194-FB7A-430D-8FA1-1C0A6F2ADF78}"
EndProject
Project("{9A19103F-16F7-4668-BE54-9A1E7A4F7556}") = "conditional compilation", "conditional compilation\conditional compilation.csproj", "{82875586-E200-4997-BAFA-24D8FE6CA8A1}"
EndProject
Project("{9A19103F-16F7-4668-BE54-9A1E7A4F7556}") = "EX_02", "EX_02\EX_02.csproj", "{FC49F066-B0F0-4580-A69C-1770B80F996A}"
EndProject
Project("{9A19103F-16F7-4668-BE54-9A1E7A4F7556}") = "fun", "fun\fun.csproj", "{19CE0AB7-6EA4-4177-9519-6AC1940E1014}"
EndProject
Project("{2150E333-8FDC-42A3-9474-1A3956D46DE8}") = "keyWords", "keyWords", "{A10B034A-415E-4721-826B-BC5352B8AD6F}"
EndProject
Project("{9A19103F-16F7-4668-BE54-9A1E7A4F7556}") = "keyWords", "keyWords\keyWords.csproj", "{22C5FD90-E66D-418F-8645-E4517E0F4146}"
EndProject
Project("{2150E333-8FDC-42A3-9474-1A3956D46DE8}") = "leetCode", "leetCode", "{04F6B99A-74F5-4ED1-BC8E-652F9A5FFB54}"
EndProject
Project("{9A19103F-16F7-4668-BE54-9A1E7A4F7556}") = "leedCode", "leedCode\leedCode.csproj", "{9ED5D68C-CD3E-4BA8-B07A-F2E9D2CC34CF}"
EndProject
Project("{2150E333-8FDC-42A3-9474-1A3956D46DE8}") = "1200Other", "1200Other", "{26CC015A-1959-4718-B3E0-7261551E55A4}"
	ProjectSection(SolutionItems) = preProject
		EX_02\leapYear.xaml = EX_02\leapYear.xaml
		EX_02\leapYear.xaml.cs = EX_02\leapYear.xaml.cs
	EndProjectSection
EndProject
Project("{2150E333-8FDC-42A3-9474-1A3956D46DE8}") = "microsoft.NET", "microsoft.NET", "{766BDBF2-94B7-4124-9A7F-BA2439F1D0F8}"
EndProject
Project("{2150E333-8FDC-42A3-9474-1A3956D46DE8}") = "CLR via c#", "CLR via c#", "{996EC3A0-5086-4389-9FC5-0722939329CF}"
EndProject
Project("{2150E333-8FDC-42A3-9474-1A3956D46DE8}") = "cSharpAdv", "cSharpAdv", "{DF8DD73A-269C-44B2-AB70-02D1563F0DE8}"
EndProject
Project("{9A19103F-16F7-4668-BE54-9A1E7A4F7556}") = "SchoolHRAdministrator", "SchoolHRAdministrator\SchoolHRAdministrator.csproj", "{95F7D855-1DAD-405C-BC22-6BC047CEB027}"
EndProject
Project("{9A19103F-16F7-4668-BE54-9A1E7A4F7556}") = "HRAdministrationAPI", "HRAdministrationAPI\HRAdministrationAPI.csproj", "{6BBF0990-E105-4C53-BA1E-46539DF2AE1A}"
EndProject
Project("{9A19103F-16F7-4668-BE54-9A1E7A4F7556}") = "Unit1", "Unit1\Unit1.csproj", "{0470764B-B2CA-498F-BD06-A50CADCEF988}"
EndProject
Project("{FAE04EC0-301F-11D3-BF4B-00C04F79EFBC}") = "TestProject1", "TestProject1\TestProject1.csproj", "{E0C6F9FB-A10B-4F40-8554-0F7BAF59F9E5}"
EndProject
Project("{FAE04EC0-301F-11D3-BF4B-00C04F79EFBC}") = "ConsoleApp7.0", "ConsoleApp7.0\ConsoleApp7.0.csproj", "{AFF1E6F5-36CE-4B1C-89DD-41451B6EADBF}"
EndProject
Project("{FAE04EC0-301F-11D3-BF4B-00C04F79EFBC}") = "ConsoleApp4.8", "ConsoleApp4.8\ConsoleApp4.8.csproj", "{F752B6F0-B393-4791-81DB-ECBE2B564672}"
EndProject
Project("{FAE04EC0-301F-11D3-BF4B-00C04F79EFBC}") = "sString", "sString\sString.csproj", "{7C37AFDC-9C73-4BF0-99ED-44D5ADD9F71C}"
EndProject
Project("{FAE04EC0-301F-11D3-BF4B-00C04F79EFBC}") = "decisions", "decisions\decisions.csproj", "{E74864DC-988A-4609-BDE9-1BB0853C5348}"
EndProject
Project("{FAE04EC0-301F-11D3-BF4B-00C04F79EFBC}") = "dichotomy", "dichotomy\dichotomy.csproj", "{2A236237-9786-4843-BA15-2B37D18B64A1}"
EndProject
Project("{FAE04EC0-301F-11D3-BF4B-00C04F79EFBC}") = "sort", "sort\sort.csproj", "{53F3B087-FB95-478F-86E5-25D6F90B12D2}"
EndProject
Global
	GlobalSection(SolutionConfigurationPlatforms) = preSolution
		Debug|Any CPU = Debug|Any CPU
		Release|Any CPU = Release|Any CPU
	EndGlobalSection
	GlobalSection(ProjectConfigurationPlatforms) = postSolution
		{4FBBD882-FCD0-4FEB-9D54-1D41069B137B}.Debug|Any CPU.ActiveCfg = Debug|Any CPU
		{4FBBD882-FCD0-4FEB-9D54-1D41069B137B}.Debug|Any CPU.Build.0 = Debug|Any CPU
		{4FBBD882-FCD0-4FEB-9D54-1D41069B137B}.Release|Any CPU.ActiveCfg = Release|Any CPU
		{4FBBD882-FCD0-4FEB-9D54-1D41069B137B}.Release|Any CPU.Build.0 = Release|Any CPU
		{61F7FE88-574A-45A1-B1B8-7CB96A531706}.Debug|Any CPU.ActiveCfg = Debug|Any CPU
		{61F7FE88-574A-45A1-B1B8-7CB96A531706}.Debug|Any CPU.Build.0 = Debug|Any CPU
		{61F7FE88-574A-45A1-B1B8-7CB96A531706}.Release|Any CPU.ActiveCfg = Release|Any CPU
		{61F7FE88-574A-45A1-B1B8-7CB96A531706}.Release|Any CPU.Build.0 = Release|Any CPU
		{C661F04E-5F23-45D9-A71A-FF98803C1452}.Debug|Any CPU.ActiveCfg = Debug|Any CPU
		{C661F04E-5F23-45D9-A71A-FF98803C1452}.Debug|Any CPU.Build.0 = Debug|Any CPU
		{C661F04E-5F23-45D9-A71A-FF98803C1452}.Release|Any CPU.ActiveCfg = Release|Any CPU
		{C661F04E-5F23-45D9-A71A-FF98803C1452}.Release|Any CPU.Build.0 = Release|Any CPU
		{3A579194-FB7A-430D-8FA1-1C0A6F2ADF78}.Debug|Any CPU.ActiveCfg = Debug|Any CPU
		{3A579194-FB7A-430D-8FA1-1C0A6F2ADF78}.Debug|Any CPU.Build.0 = Debug|Any CPU
		{3A579194-FB7A-430D-8FA1-1C0A6F2ADF78}.Release|Any CPU.ActiveCfg = Release|Any CPU
		{3A579194-FB7A-430D-8FA1-1C0A6F2ADF78}.Release|Any CPU.Build.0 = Release|Any CPU
		{82875586-E200-4997-BAFA-24D8FE6CA8A1}.Debug|Any CPU.ActiveCfg = Debug|Any CPU
		{82875586-E200-4997-BAFA-24D8FE6CA8A1}.Debug|Any CPU.Build.0 = Debug|Any CPU
		{82875586-E200-4997-BAFA-24D8FE6CA8A1}.Release|Any CPU.ActiveCfg = Release|Any CPU
		{82875586-E200-4997-BAFA-24D8FE6CA8A1}.Release|Any CPU.Build.0 = Release|Any CPU
		{FC49F066-B0F0-4580-A69C-1770B80F996A}.Debug|Any CPU.ActiveCfg = Debug|Any CPU
		{FC49F066-B0F0-4580-A69C-1770B80F996A}.Debug|Any CPU.Build.0 = Debug|Any CPU
		{FC49F066-B0F0-4580-A69C-1770B80F996A}.Release|Any CPU.ActiveCfg = Release|Any CPU
		{FC49F066-B0F0-4580-A69C-1770B80F996A}.Release|Any CPU.Build.0 = Release|Any CPU
		{19CE0AB7-6EA4-4177-9519-6AC1940E1014}.Debug|Any CPU.ActiveCfg = Debug|Any CPU
		{19CE0AB7-6EA4-4177-9519-6AC1940E1014}.Debug|Any CPU.Build.0 = Debug|Any CPU
		{19CE0AB7-6EA4-4177-9519-6AC1940E1014}.Release|Any CPU.ActiveCfg = Release|Any CPU
		{19CE0AB7-6EA4-4177-9519-6AC1940E1014}.Release|Any CPU.Build.0 = Release|Any CPU
		{22C5FD90-E66D-418F-8645-E4517E0F4146}.Debug|Any CPU.ActiveCfg = Debug|Any CPU
		{22C5FD90-E66D-418F-8645-E4517E0F4146}.Debug|Any CPU.Build.0 = Debug|Any CPU
		{22C5FD90-E66D-418F-8645-E4517E0F4146}.Release|Any CPU.ActiveCfg = Release|Any CPU
		{22C5FD90-E66D-418F-8645-E4517E0F4146}.Release|Any CPU.Build.0 = Release|Any CPU
		{9ED5D68C-CD3E-4BA8-B07A-F2E9D2CC34CF}.Debug|Any CPU.ActiveCfg = Debug|Any CPU
		{9ED5D68C-CD3E-4BA8-B07A-F2E9D2CC34CF}.Debug|Any CPU.Build.0 = Debug|Any CPU
		{9ED5D68C-CD3E-4BA8-B07A-F2E9D2CC34CF}.Release|Any CPU.ActiveCfg = Release|Any CPU
		{9ED5D68C-CD3E-4BA8-B07A-F2E9D2CC34CF}.Release|Any CPU.Build.0 = Release|Any CPU
		{95F7D855-1DAD-405C-BC22-6BC047CEB027}.Debug|Any CPU.ActiveCfg = Debug|Any CPU
		{95F7D855-1DAD-405C-BC22-6BC047CEB027}.Debug|Any CPU.Build.0 = Debug|Any CPU
		{95F7D855-1DAD-405C-BC22-6BC047CEB027}.Release|Any CPU.ActiveCfg = Release|Any CPU
		{95F7D855-1DAD-405C-BC22-6BC047CEB027}.Release|Any CPU.Build.0 = Release|Any CPU
		{6BBF0990-E105-4C53-BA1E-46539DF2AE1A}.Debug|Any CPU.ActiveCfg = Debug|Any CPU
		{6BBF0990-E105-4C53-BA1E-46539DF2AE1A}.Debug|Any CPU.Build.0 = Debug|Any CPU
		{6BBF0990-E105-4C53-BA1E-46539DF2AE1A}.Release|Any CPU.ActiveCfg = Release|Any CPU
		{6BBF0990-E105-4C53-BA1E-46539DF2AE1A}.Release|Any CPU.Build.0 = Release|Any CPU
		{0470764B-B2CA-498F-BD06-A50CADCEF988}.Debug|Any CPU.ActiveCfg = Debug|Any CPU
		{0470764B-B2CA-498F-BD06-A50CADCEF988}.Debug|Any CPU.Build.0 = Debug|Any CPU
		{0470764B-B2CA-498F-BD06-A50CADCEF988}.Release|Any CPU.ActiveCfg = Release|Any CPU
		{0470764B-B2CA-498F-BD06-A50CADCEF988}.Release|Any CPU.Build.0 = Release|Any CPU
		{E0C6F9FB-A10B-4F40-8554-0F7BAF59F9E5}.Debug|Any CPU.ActiveCfg = Debug|Any CPU
		{E0C6F9FB-A10B-4F40-8554-0F7BAF59F9E5}.Debug|Any CPU.Build.0 = Debug|Any CPU
		{E0C6F9FB-A10B-4F40-8554-0F7BAF59F9E5}.Release|Any CPU.ActiveCfg = Release|Any CPU
		{E0C6F9FB-A10B-4F40-8554-0F7BAF59F9E5}.Release|Any CPU.Build.0 = Release|Any CPU
		{AFF1E6F5-36CE-4B1C-89DD-41451B6EADBF}.Debug|Any CPU.ActiveCfg = Debug|Any CPU
		{AFF1E6F5-36CE-4B1C-89DD-41451B6EADBF}.Debug|Any CPU.Build.0 = Debug|Any CPU
		{AFF1E6F5-36CE-4B1C-89DD-41451B6EADBF}.Release|Any CPU.ActiveCfg = Release|Any CPU
		{AFF1E6F5-36CE-4B1C-89DD-41451B6EADBF}.Release|Any CPU.Build.0 = Release|Any CPU
		{F752B6F0-B393-4791-81DB-ECBE2B564672}.Debug|Any CPU.ActiveCfg = Debug|Any CPU
		{F752B6F0-B393-4791-81DB-ECBE2B564672}.Debug|Any CPU.Build.0 = Debug|Any CPU
		{F752B6F0-B393-4791-81DB-ECBE2B564672}.Release|Any CPU.ActiveCfg = Release|Any CPU
		{F752B6F0-B393-4791-81DB-ECBE2B564672}.Release|Any CPU.Build.0 = Release|Any CPU
		{7C37AFDC-9C73-4BF0-99ED-44D5ADD9F71C}.Debug|Any CPU.ActiveCfg = Debug|Any CPU
		{7C37AFDC-9C73-4BF0-99ED-44D5ADD9F71C}.Debug|Any CPU.Build.0 = Debug|Any CPU
		{7C37AFDC-9C73-4BF0-99ED-44D5ADD9F71C}.Release|Any CPU.ActiveCfg = Release|Any CPU
		{7C37AFDC-9C73-4BF0-99ED-44D5ADD9F71C}.Release|Any CPU.Build.0 = Release|Any CPU
		{E74864DC-988A-4609-BDE9-1BB0853C5348}.Debug|Any CPU.ActiveCfg = Debug|Any CPU
		{E74864DC-988A-4609-BDE9-1BB0853C5348}.Debug|Any CPU.Build.0 = Debug|Any CPU
		{E74864DC-988A-4609-BDE9-1BB0853C5348}.Release|Any CPU.ActiveCfg = Release|Any CPU
		{E74864DC-988A-4609-BDE9-1BB0853C5348}.Release|Any CPU.Build.0 = Release|Any CPU
		{2A236237-9786-4843-BA15-2B37D18B64A1}.Debug|Any CPU.ActiveCfg = Debug|Any CPU
		{2A236237-9786-4843-BA15-2B37D18B64A1}.Debug|Any CPU.Build.0 = Debug|Any CPU
		{2A236237-9786-4843-BA15-2B37D18B64A1}.Release|Any CPU.ActiveCfg = Release|Any CPU
		{2A236237-9786-4843-BA15-2B37D18B64A1}.Release|Any CPU.Build.0 = Release|Any CPU
		{53F3B087-FB95-478F-86E5-25D6F90B12D2}.Debug|Any CPU.ActiveCfg = Debug|Any CPU
		{53F3B087-FB95-478F-86E5-25D6F90B12D2}.Debug|Any CPU.Build.0 = Debug|Any CPU
		{53F3B087-FB95-478F-86E5-25D6F90B12D2}.Release|Any CPU.ActiveCfg = Release|Any CPU
		{53F3B087-FB95-478F-86E5-25D6F90B12D2}.Release|Any CPU.Build.0 = Release|Any CPU
	EndGlobalSection
	GlobalSection(SolutionProperties) = preSolution
		HideSolutionNode = FALSE
	EndGlobalSection
	GlobalSection(NestedProjects) = preSolution
		{4FBBD882-FCD0-4FEB-9D54-1D41069B137B} = {FF401C5B-9D63-4D2A-8558-6C1960FDA609}
		{FC49F066-B0F0-4580-A69C-1770B80F996A} = {7C72A921-2BAF-450E-A1A8-5853F6DC0FF6}
		{22C5FD90-E66D-418F-8645-E4517E0F4146} = {A10B034A-415E-4721-826B-BC5352B8AD6F}
		{9ED5D68C-CD3E-4BA8-B07A-F2E9D2CC34CF} = {04F6B99A-74F5-4ED1-BC8E-652F9A5FFB54}
		{26CC015A-1959-4718-B3E0-7261551E55A4} = {7C72A921-2BAF-450E-A1A8-5853F6DC0FF6}
		{95F7D855-1DAD-405C-BC22-6BC047CEB027} = {DF8DD73A-269C-44B2-AB70-02D1563F0DE8}
		{6BBF0990-E105-4C53-BA1E-46539DF2AE1A} = {DF8DD73A-269C-44B2-AB70-02D1563F0DE8}
		{0470764B-B2CA-498F-BD06-A50CADCEF988} = {DF8DD73A-269C-44B2-AB70-02D1563F0DE8}
		{E0C6F9FB-A10B-4F40-8554-0F7BAF59F9E5} = {DF8DD73A-269C-44B2-AB70-02D1563F0DE8}
		{AFF1E6F5-36CE-4B1C-89DD-41451B6EADBF} = {DF8DD73A-269C-44B2-AB70-02D1563F0DE8}
		{F752B6F0-B393-4791-81DB-ECBE2B564672} = {DF8DD73A-269C-44B2-AB70-02D1563F0DE8}
		{2A236237-9786-4843-BA15-2B37D18B64A1} = {04F6B99A-74F5-4ED1-BC8E-652F9A5FFB54}
		{53F3B087-FB95-478F-86E5-25D6F90B12D2} = {04F6B99A-74F5-4ED1-BC8E-652F9A5FFB54}
	EndGlobalSection
	GlobalSection(ExtensibilityGlobals) = postSolution
		SolutionGuid = {C701269D-D330-4B48-93E1-F4EA929C8A36}
	EndGlobalSection
EndGlobal
